// !$*UTF8*$!
{
	archiveVersion = 1;
	classes = {
	};
	objectVersion = 48;
	objects = {

/* Begin PBXBuildFile section */
		4829B8B5254E37FC00C7160F /* SettingsVC.swift in Sources */ = {isa = PBXBuildFile; fileRef = 4829B8B4254E37FC00C7160F /* SettingsVC.swift */; };
		4829B8BA254E426B00C7160F /* Settings.swift in Sources */ = {isa = PBXBuildFile; fileRef = 4829B8B9254E426B00C7160F /* Settings.swift */; };
		486C14AB254F16E0005B6168 /* SettingDetailVC.swift in Sources */ = {isa = PBXBuildFile; fileRef = 486C14AA254F16E0005B6168 /* SettingDetailVC.swift */; };
		48D67A99254CCB0600872C18 /* AppDelegate.swift in Sources */ = {isa = PBXBuildFile; fileRef = 48D67A98254CCB0600872C18 /* AppDelegate.swift */; };
		48D67A9D254CCB0600872C18 /* DFVC.swift in Sources */ = {isa = PBXBuildFile; fileRef = 48D67A9C254CCB0600872C18 /* DFVC.swift */; };
		48D67AA0254CCB0600872C18 /* Main.storyboard in Resources */ = {isa = PBXBuildFile; fileRef = 48D67A9E254CCB0600872C18 /* Main.storyboard */; };
		48D67AA3254CCB0600872C18 /* Drawfications.xcdatamodeld in Sources */ = {isa = PBXBuildFile; fileRef = 48D67AA1254CCB0600872C18 /* Drawfications.xcdatamodeld */; };
		48D67AA5254CCB0600872C18 /* Assets.xcassets in Resources */ = {isa = PBXBuildFile; fileRef = 48D67AA4254CCB0600872C18 /* Assets.xcassets */; };
		48D67AB3254CCB0600872C18 /* DrawficationsTests.swift in Sources */ = {isa = PBXBuildFile; fileRef = 48D67AB2254CCB0600872C18 /* DrawficationsTests.swift */; };
		48D67ABE254CCB0700872C18 /* DrawficationsUITests.swift in Sources */ = {isa = PBXBuildFile; fileRef = 48D67ABD254CCB0700872C18 /* DrawficationsUITests.swift */; };
/* End PBXBuildFile section */

/* Begin PBXContainerItemProxy section */
		48D67AAF254CCB0600872C18 /* PBXContainerItemProxy */ = {
			isa = PBXContainerItemProxy;
			containerPortal = 48D67A8D254CCB0500872C18 /* Project object */;
			proxyType = 1;
			remoteGlobalIDString = 48D67A94254CCB0600872C18;
			remoteInfo = Drawfications;
		};
		48D67ABA254CCB0700872C18 /* PBXContainerItemProxy */ = {
			isa = PBXContainerItemProxy;
			containerPortal = 48D67A8D254CCB0500872C18 /* Project object */;
			proxyType = 1;
			remoteGlobalIDString = 48D67A94254CCB0600872C18;
			remoteInfo = Drawfications;
		};
/* End PBXContainerItemProxy section */

/* Begin PBXFileReference section */
		4829B8B4254E37FC00C7160F /* SettingsVC.swift */ = {isa = PBXFileReference; lastKnownFileType = sourcecode.swift; path = SettingsVC.swift; sourceTree = "<group>"; };
		4829B8B9254E426B00C7160F /* Settings.swift */ = {isa = PBXFileReference; lastKnownFileType = sourcecode.swift; path = Settings.swift; sourceTree = "<group>"; };
		486C14AA254F16E0005B6168 /* SettingDetailVC.swift */ = {isa = PBXFileReference; lastKnownFileType = sourcecode.swift; path = SettingDetailVC.swift; sourceTree = "<group>"; };
		487DD950254CCCAE004806C5 /* Drawfications.entitlements */ = {isa = PBXFileReference; lastKnownFileType = text.plist.entitlements; path = Drawfications.entitlements; sourceTree = "<group>"; };
		48D67A95254CCB0600872C18 /* Drawfications.app */ = {isa = PBXFileReference; explicitFileType = wrapper.application; includeInIndex = 0; path = Drawfications.app; sourceTree = BUILT_PRODUCTS_DIR; };
		48D67A98254CCB0600872C18 /* AppDelegate.swift */ = {isa = PBXFileReference; lastKnownFileType = sourcecode.swift; path = AppDelegate.swift; sourceTree = "<group>"; };
		48D67A9C254CCB0600872C18 /* DFVC.swift */ = {isa = PBXFileReference; lastKnownFileType = sourcecode.swift; path = DFVC.swift; sourceTree = "<group>"; };
		48D67A9F254CCB0600872C18 /* Base */ = {isa = PBXFileReference; lastKnownFileType = file.storyboard; name = Base; path = Base.lproj/Main.storyboard; sourceTree = "<group>"; };
		48D67AA2254CCB0600872C18 /* Drawfications.xcdatamodel */ = {isa = PBXFileReference; lastKnownFileType = wrapper.xcdatamodel; path = Drawfications.xcdatamodel; sourceTree = "<group>"; };
		48D67AA4254CCB0600872C18 /* Assets.xcassets */ = {isa = PBXFileReference; lastKnownFileType = folder.assetcatalog; path = Assets.xcassets; sourceTree = "<group>"; };
		48D67AA9254CCB0600872C18 /* Info.plist */ = {isa = PBXFileReference; lastKnownFileType = text.plist.xml; path = Info.plist; sourceTree = "<group>"; };
		48D67AAE254CCB0600872C18 /* DrawficationsTests.xctest */ = {isa = PBXFileReference; explicitFileType = wrapper.cfbundle; includeInIndex = 0; path = DrawficationsTests.xctest; sourceTree = BUILT_PRODUCTS_DIR; };
		48D67AB2254CCB0600872C18 /* DrawficationsTests.swift */ = {isa = PBXFileReference; lastKnownFileType = sourcecode.swift; path = DrawficationsTests.swift; sourceTree = "<group>"; };
		48D67AB4254CCB0600872C18 /* Info.plist */ = {isa = PBXFileReference; lastKnownFileType = text.plist.xml; path = Info.plist; sourceTree = "<group>"; };
		48D67AB9254CCB0700872C18 /* DrawficationsUITests.xctest */ = {isa = PBXFileReference; explicitFileType = wrapper.cfbundle; includeInIndex = 0; path = DrawficationsUITests.xctest; sourceTree = BUILT_PRODUCTS_DIR; };
		48D67ABD254CCB0700872C18 /* DrawficationsUITests.swift */ = {isa = PBXFileReference; lastKnownFileType = sourcecode.swift; path = DrawficationsUITests.swift; sourceTree = "<group>"; };
		48D67ABF254CCB0700872C18 /* Info.plist */ = {isa = PBXFileReference; lastKnownFileType = text.plist.xml; path = Info.plist; sourceTree = "<group>"; };
/* End PBXFileReference section */

/* Begin PBXFrameworksBuildPhase section */
		48D67A92254CCB0600872C18 /* Frameworks */ = {
			isa = PBXFrameworksBuildPhase;
			buildActionMask = 2147483647;
			files = (
			);
			runOnlyForDeploymentPostprocessing = 0;
		};
		48D67AAB254CCB0600872C18 /* Frameworks */ = {
			isa = PBXFrameworksBuildPhase;
			buildActionMask = 2147483647;
			files = (
			);
			runOnlyForDeploymentPostprocessing = 0;
		};
		48D67AB6254CCB0700872C18 /* Frameworks */ = {
			isa = PBXFrameworksBuildPhase;
			buildActionMask = 2147483647;
			files = (
			);
			runOnlyForDeploymentPostprocessing = 0;
		};
/* End PBXFrameworksBuildPhase section */

/* Begin PBXGroup section */
		48D67A8C254CCB0500872C18 = {
			isa = PBXGroup;
			children = (
				48D67A97254CCB0600872C18 /* Drawfications */,
				48D67AB1254CCB0600872C18 /* DrawficationsTests */,
				48D67ABC254CCB0700872C18 /* DrawficationsUITests */,
				48D67A96254CCB0600872C18 /* Products */,
			);
			sourceTree = "<group>";
		};
		48D67A96254CCB0600872C18 /* Products */ = {
			isa = PBXGroup;
			children = (
				48D67A95254CCB0600872C18 /* Drawfications.app */,
				48D67AAE254CCB0600872C18 /* DrawficationsTests.xctest */,
				48D67AB9254CCB0700872C18 /* DrawficationsUITests.xctest */,
			);
			name = Products;
			sourceTree = "<group>";
		};
		48D67A97254CCB0600872C18 /* Drawfications */ = {
			isa = PBXGroup;
			children = (
				487DD950254CCCAE004806C5 /* Drawfications.entitlements */,
				48D67A98254CCB0600872C18 /* AppDelegate.swift */,
				48D67A9C254CCB0600872C18 /* DFVC.swift */,
				4829B8B4254E37FC00C7160F /* SettingsVC.swift */,
				486C14AA254F16E0005B6168 /* SettingDetailVC.swift */,
				4829B8B9254E426B00C7160F /* Settings.swift */,
				48D67A9E254CCB0600872C18 /* Main.storyboard */,
				48D67AA4254CCB0600872C18 /* Assets.xcassets */,
				48D67AA9254CCB0600872C18 /* Info.plist */,
				48D67AA1254CCB0600872C18 /* Drawfications.xcdatamodeld */,
			);
			path = Drawfications;
			sourceTree = "<group>";
		};
		48D67AB1254CCB0600872C18 /* DrawficationsTests */ = {
			isa = PBXGroup;
			children = (
				48D67AB2254CCB0600872C18 /* DrawficationsTests.swift */,
				48D67AB4254CCB0600872C18 /* Info.plist */,
			);
			path = DrawficationsTests;
			sourceTree = "<group>";
		};
		48D67ABC254CCB0700872C18 /* DrawficationsUITests */ = {
			isa = PBXGroup;
			children = (
				48D67ABD254CCB0700872C18 /* DrawficationsUITests.swift */,
				48D67ABF254CCB0700872C18 /* Info.plist */,
			);
			path = DrawficationsUITests;
			sourceTree = "<group>";
		};
/* End PBXGroup section */

/* Begin PBXNativeTarget section */
		48D67A94254CCB0600872C18 /* Drawfications */ = {
			isa = PBXNativeTarget;
			buildConfigurationList = 48D67AC2254CCB0700872C18 /* Build configuration list for PBXNativeTarget "Drawfications" */;
			buildPhases = (
				48D67A91254CCB0600872C18 /* Sources */,
				48D67A92254CCB0600872C18 /* Frameworks */,
				48D67A93254CCB0600872C18 /* Resources */,
			);
			buildRules = (
			);
			dependencies = (
			);
			name = Drawfications;
			productName = Drawfications;
			productReference = 48D67A95254CCB0600872C18 /* Drawfications.app */;
			productType = "com.apple.product-type.application";
		};
		48D67AAD254CCB0600872C18 /* DrawficationsTests */ = {
			isa = PBXNativeTarget;
			buildConfigurationList = 48D67AC5254CCB0700872C18 /* Build configuration list for PBXNativeTarget "DrawficationsTests" */;
			buildPhases = (
				48D67AAA254CCB0600872C18 /* Sources */,
				48D67AAB254CCB0600872C18 /* Frameworks */,
				48D67AAC254CCB0600872C18 /* Resources */,
			);
			buildRules = (
			);
			dependencies = (
				48D67AB0254CCB0600872C18 /* PBXTargetDependency */,
			);
			name = DrawficationsTests;
			productName = DrawficationsTests;
			productReference = 48D67AAE254CCB0600872C18 /* DrawficationsTests.xctest */;
			productType = "com.apple.product-type.bundle.unit-test";
		};
		48D67AB8254CCB0700872C18 /* DrawficationsUITests */ = {
			isa = PBXNativeTarget;
			buildConfigurationList = 48D67AC8254CCB0700872C18 /* Build configuration list for PBXNativeTarget "DrawficationsUITests" */;
			buildPhases = (
				48D67AB5254CCB0700872C18 /* Sources */,
				48D67AB6254CCB0700872C18 /* Frameworks */,
				48D67AB7254CCB0700872C18 /* Resources */,
			);
			buildRules = (
			);
			dependencies = (
				48D67ABB254CCB0700872C18 /* PBXTargetDependency */,
			);
			name = DrawficationsUITests;
			productName = DrawficationsUITests;
			productReference = 48D67AB9254CCB0700872C18 /* DrawficationsUITests.xctest */;
			productType = "com.apple.product-type.bundle.ui-testing";
		};
/* End PBXNativeTarget section */

/* Begin PBXProject section */
		48D67A8D254CCB0500872C18 /* Project object */ = {
			isa = PBXProject;
			attributes = {
				LastSwiftUpdateCheck = 1220;
				LastUpgradeCheck = 1220;
				TargetAttributes = {
					48D67A94254CCB0600872C18 = {
						CreatedOnToolsVersion = 12.2;
						ProvisioningStyle = Automatic;
					};
					48D67AAD254CCB0600872C18 = {
						CreatedOnToolsVersion = 12.2;
						ProvisioningStyle = Automatic;
						TestTargetID = 48D67A94254CCB0600872C18;
					};
					48D67AB8254CCB0700872C18 = {
						CreatedOnToolsVersion = 12.2;
						ProvisioningStyle = Automatic;
						TestTargetID = 48D67A94254CCB0600872C18;
					};
				};
			};
			buildConfigurationList = 48D67A90254CCB0500872C18 /* Build configuration list for PBXProject "Drawfications" */;
			compatibilityVersion = "Xcode 8.0";
			developmentRegion = en;
			hasScannedForEncodings = 0;
			knownRegions = (
				en,
				Base,
			);
			mainGroup = 48D67A8C254CCB0500872C18;
			productRefGroup = 48D67A96254CCB0600872C18 /* Products */;
			projectDirPath = "";
			projectRoot = "";
			targets = (
				48D67A94254CCB0600872C18 /* Drawfications */,
				48D67AAD254CCB0600872C18 /* DrawficationsTests */,
				48D67AB8254CCB0700872C18 /* DrawficationsUITests */,
			);
		};
/* End PBXProject section */

/* Begin PBXResourcesBuildPhase section */
		48D67A93254CCB0600872C18 /* Resources */ = {
			isa = PBXResourcesBuildPhase;
			buildActionMask = 2147483647;
			files = (
				48D67AA5254CCB0600872C18 /* Assets.xcassets in Resources */,
				48D67AA0254CCB0600872C18 /* Main.storyboard in Resources */,
			);
			runOnlyForDeploymentPostprocessing = 0;
		};
		48D67AAC254CCB0600872C18 /* Resources */ = {
			isa = PBXResourcesBuildPhase;
			buildActionMask = 2147483647;
			files = (
			);
			runOnlyForDeploymentPostprocessing = 0;
		};
		48D67AB7254CCB0700872C18 /* Resources */ = {
			isa = PBXResourcesBuildPhase;
			buildActionMask = 2147483647;
			files = (
			);
			runOnlyForDeploymentPostprocessing = 0;
		};
/* End PBXResourcesBuildPhase section */

/* Begin PBXSourcesBuildPhase section */
		48D67A91254CCB0600872C18 /* Sources */ = {
			isa = PBXSourcesBuildPhase;
			buildActionMask = 2147483647;
			files = (
				486C14AB254F16E0005B6168 /* SettingDetailVC.swift in Sources */,
				48D67AA3254CCB0600872C18 /* Drawfications.xcdatamodeld in Sources */,
				4829B8B5254E37FC00C7160F /* SettingsVC.swift in Sources */,
				48D67A9D254CCB0600872C18 /* DFVC.swift in Sources */,
				48D67A99254CCB0600872C18 /* AppDelegate.swift in Sources */,
				4829B8BA254E426B00C7160F /* Settings.swift in Sources */,
			);
			runOnlyForDeploymentPostprocessing = 0;
		};
		48D67AAA254CCB0600872C18 /* Sources */ = {
			isa = PBXSourcesBuildPhase;
			buildActionMask = 2147483647;
			files = (
				48D67AB3254CCB0600872C18 /* DrawficationsTests.swift in Sources */,
			);
			runOnlyForDeploymentPostprocessing = 0;
		};
		48D67AB5254CCB0700872C18 /* Sources */ = {
			isa = PBXSourcesBuildPhase;
			buildActionMask = 2147483647;
			files = (
				48D67ABE254CCB0700872C18 /* DrawficationsUITests.swift in Sources */,
			);
			runOnlyForDeploymentPostprocessing = 0;
		};
/* End PBXSourcesBuildPhase section */

/* Begin PBXTargetDependency section */
		48D67AB0254CCB0600872C18 /* PBXTargetDependency */ = {
			isa = PBXTargetDependency;
			target = 48D67A94254CCB0600872C18 /* Drawfications */;
			targetProxy = 48D67AAF254CCB0600872C18 /* PBXContainerItemProxy */;
		};
		48D67ABB254CCB0700872C18 /* PBXTargetDependency */ = {
			isa = PBXTargetDependency;
			target = 48D67A94254CCB0600872C18 /* Drawfications */;
			targetProxy = 48D67ABA254CCB0700872C18 /* PBXContainerItemProxy */;
		};
/* End PBXTargetDependency section */

/* Begin PBXVariantGroup section */
		48D67A9E254CCB0600872C18 /* Main.storyboard */ = {
			isa = PBXVariantGroup;
			children = (
				48D67A9F254CCB0600872C18 /* Base */,
			);
			name = Main.storyboard;
			sourceTree = "<group>";
		};
/* End PBXVariantGroup section */

/* Begin XCBuildConfiguration section */
		48D67AC0254CCB0700872C18 /* Debug */ = {
			isa = XCBuildConfiguration;
			buildSettings = {
				ALWAYS_SEARCH_USER_PATHS = NO;
				CLANG_ANALYZER_NONNULL = YES;
				CLANG_ANALYZER_NUMBER_OBJECT_CONVERSION = YES_AGGRESSIVE;
				CLANG_CXX_LANGUAGE_STANDARD = "gnu++14";
				CLANG_CXX_LIBRARY = "libc++";
				CLANG_ENABLE_MODULES = YES;
				CLANG_ENABLE_OBJC_ARC = YES;
				CLANG_ENABLE_OBJC_WEAK = YES;
				CLANG_WARN_BLOCK_CAPTURE_AUTORELEASING = YES;
				CLANG_WARN_BOOL_CONVERSION = YES;
				CLANG_WARN_COMMA = YES;
				CLANG_WARN_CONSTANT_CONVERSION = YES;
				CLANG_WARN_DEPRECATED_OBJC_IMPLEMENTATIONS = YES;
				CLANG_WARN_DIRECT_OBJC_ISA_USAGE = YES_ERROR;
				CLANG_WARN_DOCUMENTATION_COMMENTS = YES;
				CLANG_WARN_EMPTY_BODY = YES;
				CLANG_WARN_ENUM_CONVERSION = YES;
				CLANG_WARN_INFINITE_RECURSION = YES;
				CLANG_WARN_INT_CONVERSION = YES;
				CLANG_WARN_NON_LITERAL_NULL_CONVERSION = YES;
				CLANG_WARN_OBJC_IMPLICIT_RETAIN_SELF = YES;
				CLANG_WARN_OBJC_LITERAL_CONVERSION = YES;
				CLANG_WARN_OBJC_ROOT_CLASS = YES_ERROR;
				CLANG_WARN_QUOTED_INCLUDE_IN_FRAMEWORK_HEADER = YES;
				CLANG_WARN_RANGE_LOOP_ANALYSIS = YES;
				CLANG_WARN_STRICT_PROTOTYPES = YES;
				CLANG_WARN_SUSPICIOUS_MOVE = YES;
				CLANG_WARN_UNGUARDED_AVAILABILITY = YES_AGGRESSIVE;
				CLANG_WARN_UNREACHABLE_CODE = YES;
				CLANG_WARN__DUPLICATE_METHOD_MATCH = YES;
				COPY_PHASE_STRIP = NO;
				DEBUG_INFORMATION_FORMAT = dwarf;
				ENABLE_STRICT_OBJC_MSGSEND = YES;
				ENABLE_TESTABILITY = YES;
				GCC_C_LANGUAGE_STANDARD = gnu11;
				GCC_DYNAMIC_NO_PIC = NO;
				GCC_NO_COMMON_BLOCKS = YES;
				GCC_OPTIMIZATION_LEVEL = 0;
				GCC_PREPROCESSOR_DEFINITIONS = (
					"DEBUG=1",
					"$(inherited)",
				);
				GCC_WARN_64_TO_32_BIT_CONVERSION = YES;
				GCC_WARN_ABOUT_RETURN_TYPE = YES_ERROR;
				GCC_WARN_UNDECLARED_SELECTOR = YES;
				GCC_WARN_UNINITIALIZED_AUTOS = YES_AGGRESSIVE;
				GCC_WARN_UNUSED_FUNCTION = YES;
				GCC_WARN_UNUSED_VARIABLE = YES;
				IPHONEOS_DEPLOYMENT_TARGET = 13.0;
				MTL_ENABLE_DEBUG_INFO = INCLUDE_SOURCE;
				MTL_FAST_MATH = YES;
				ONLY_ACTIVE_ARCH = YES;
				SDKROOT = iphoneos;
				SWIFT_ACTIVE_COMPILATION_CONDITIONS = DEBUG;
				SWIFT_OPTIMIZATION_LEVEL = "-Onone";
			};
			name = Debug;
		};
		48D67AC1254CCB0700872C18 /* Release */ = {
			isa = XCBuildConfiguration;
			buildSettings = {
				ALWAYS_SEARCH_USER_PATHS = NO;
				CLANG_ANALYZER_NONNULL = YES;
				CLANG_ANALYZER_NUMBER_OBJECT_CONVERSION = YES_AGGRESSIVE;
				CLANG_CXX_LANGUAGE_STANDARD = "gnu++14";
				CLANG_CXX_LIBRARY = "libc++";
				CLANG_ENABLE_MODULES = YES;
				CLANG_ENABLE_OBJC_ARC = YES;
				CLANG_ENABLE_OBJC_WEAK = YES;
				CLANG_WARN_BLOCK_CAPTURE_AUTORELEASING = YES;
				CLANG_WARN_BOOL_CONVERSION = YES;
				CLANG_WARN_COMMA = YES;
				CLANG_WARN_CONSTANT_CONVERSION = YES;
				CLANG_WARN_DEPRECATED_OBJC_IMPLEMENTATIONS = YES;
				CLANG_WARN_DIRECT_OBJC_ISA_USAGE = YES_ERROR;
				CLANG_WARN_DOCUMENTATION_COMMENTS = YES;
				CLANG_WARN_EMPTY_BODY = YES;
				CLANG_WARN_ENUM_CONVERSION = YES;
				CLANG_WARN_INFINITE_RECURSION = YES;
				CLANG_WARN_INT_CONVERSION = YES;
				CLANG_WARN_NON_LITERAL_NULL_CONVERSION = YES;
				CLANG_WARN_OBJC_IMPLICIT_RETAIN_SELF = YES;
				CLANG_WARN_OBJC_LITERAL_CONVERSION = YES;
				CLANG_WARN_OBJC_ROOT_CLASS = YES_ERROR;
				CLANG_WARN_QUOTED_INCLUDE_IN_FRAMEWORK_HEADER = YES;
				CLANG_WARN_RANGE_LOOP_ANALYSIS = YES;
				CLANG_WARN_STRICT_PROTOTYPES = YES;
				CLANG_WARN_SUSPICIOUS_MOVE = YES;
				CLANG_WARN_UNGUARDED_AVAILABILITY = YES_AGGRESSIVE;
				CLANG_WARN_UNREACHABLE_CODE = YES;
				CLANG_WARN__DUPLICATE_METHOD_MATCH = YES;
				COPY_PHASE_STRIP = NO;
				DEBUG_INFORMATION_FORMAT = "dwarf-with-dsym";
				ENABLE_NS_ASSERTIONS = NO;
				ENABLE_STRICT_OBJC_MSGSEND = YES;
				GCC_C_LANGUAGE_STANDARD = gnu11;
				GCC_NO_COMMON_BLOCKS = YES;
				GCC_WARN_64_TO_32_BIT_CONVERSION = YES;
				GCC_WARN_ABOUT_RETURN_TYPE = YES_ERROR;
				GCC_WARN_UNDECLARED_SELECTOR = YES;
				GCC_WARN_UNINITIALIZED_AUTOS = YES_AGGRESSIVE;
				GCC_WARN_UNUSED_FUNCTION = YES;
				GCC_WARN_UNUSED_VARIABLE = YES;
				IPHONEOS_DEPLOYMENT_TARGET = 13.0;
				MTL_ENABLE_DEBUG_INFO = NO;
				MTL_FAST_MATH = YES;
				SDKROOT = iphoneos;
				SWIFT_OPTIMIZATION_LEVEL = "-Owholemodule";
				VALIDATE_PRODUCT = YES;
			};
			name = Release;
		};
		48D67AC3254CCB0700872C18 /* Debug */ = {
			isa = XCBuildConfiguration;
			buildSettings = {
				ASSETCATALOG_COMPILER_APPICON_NAME = AppIcon;
				ASSETCATALOG_COMPILER_GLOBAL_ACCENT_COLOR_NAME = AccentColor;
				CODE_SIGN_ENTITLEMENTS = Drawfications/Drawfications.entitlements;
				CODE_SIGN_STYLE = Automatic;
				DEVELOPMENT_TEAM = SJ87WGCZM7;
				INFOPLIST_FILE = Drawfications/Info.plist;
				IPHONEOS_DEPLOYMENT_TARGET = 13.0;
				LD_RUNPATH_SEARCH_PATHS = "$(inherited) @executable_path/Frameworks";
				PRODUCT_BUNDLE_IDENTIFIER = com.matthewbenedict.Drawfications;
				PRODUCT_NAME = "$(TARGET_NAME)";
				SUPPORTS_MACCATALYST = YES;
				SWIFT_VERSION = 5.0;
				TARGETED_DEVICE_FAMILY = "1,2";
			};
			name = Debug;
		};
		48D67AC4254CCB0700872C18 /* Release */ = {
			isa = XCBuildConfiguration;
			buildSettings = {
				ASSETCATALOG_COMPILER_APPICON_NAME = AppIcon;
				ASSETCATALOG_COMPILER_GLOBAL_ACCENT_COLOR_NAME = AccentColor;
				CODE_SIGN_ENTITLEMENTS = Drawfications/Drawfications.entitlements;
				CODE_SIGN_STYLE = Automatic;
				DEVELOPMENT_TEAM = SJ87WGCZM7;
				INFOPLIST_FILE = Drawfications/Info.plist;
				IPHONEOS_DEPLOYMENT_TARGET = 13.0;
				LD_RUNPATH_SEARCH_PATHS = "$(inherited) @executable_path/Frameworks";
				PRODUCT_BUNDLE_IDENTIFIER = com.matthewbenedict.Drawfications;
				PRODUCT_NAME = "$(TARGET_NAME)";
				SUPPORTS_MACCATALYST = YES;
				SWIFT_VERSION = 5.0;
				TARGETED_DEVICE_FAMILY = "1,2";
			};
			name = Release;
		};
		48D67AC6254CCB0700872C18 /* Debug */ = {
			isa = XCBuildConfiguration;
			buildSettings = {
				ALWAYS_EMBED_SWIFT_STANDARD_LIBRARIES = YES;
				BUNDLE_LOADER = "$(TEST_HOST)";
				CODE_SIGN_STYLE = Automatic;
				DEVELOPMENT_TEAM = SJ87WGCZM7;
				INFOPLIST_FILE = DrawficationsTests/Info.plist;
				IPHONEOS_DEPLOYMENT_TARGET = 14.2;
				LD_RUNPATH_SEARCH_PATHS = "$(inherited) @executable_path/Frameworks @loader_path/Frameworks";
				PRODUCT_BUNDLE_IDENTIFIER = com.matthewbenedict.DrawficationsTests;
				PRODUCT_NAME = "$(TARGET_NAME)";
				SWIFT_VERSION = 5.0;
				TARGETED_DEVICE_FAMILY = "1,2";
				TEST_HOST = "$(BUILT_PRODUCTS_DIR)/Drawfications.app/Drawfications";
			};
			name = Debug;
		};
		48D67AC7254CCB0700872C18 /* Release */ = {
			isa = XCBuildConfiguration;
			buildSettings = {
				ALWAYS_EMBED_SWIFT_STANDARD_LIBRARIES = YES;
				BUNDLE_LOADER = "$(TEST_HOST)";
				CODE_SIGN_STYLE = Automatic;
				DEVELOPMENT_TEAM = SJ87WGCZM7;
				INFOPLIST_FILE = DrawficationsTests/Info.plist;
				IPHONEOS_DEPLOYMENT_TARGET = 14.2;
				LD_RUNPATH_SEARCH_PATHS = "$(inherited) @executable_path/Frameworks @loader_path/Frameworks";
				PRODUCT_BUNDLE_IDENTIFIER = com.matthewbenedict.DrawficationsTests;
				PRODUCT_NAME = "$(TARGET_NAME)";
				SWIFT_VERSION = 5.0;
				TARGETED_DEVICE_FAMILY = "1,2";
				TEST_HOST = "$(BUILT_PRODUCTS_DIR)/Drawfications.app/Drawfications";
			};
			name = Release;
		};
		48D67AC9254CCB0700872C18 /* Debug */ = {
			isa = XCBuildConfiguration;
			buildSettings = {
				ALWAYS_EMBED_SWIFT_STANDARD_LIBRARIES = YES;
				CODE_SIGN_STYLE = Automatic;
				DEVELOPMENT_TEAM = SJ87WGCZM7;
				INFOPLIST_FILE = DrawficationsUITests/Info.plist;
				LD_RUNPATH_SEARCH_PATHS = "$(inherited) @executable_path/Frameworks @loader_path/Frameworks";
				PRODUCT_BUNDLE_IDENTIFIER = com.matthewbenedict.DrawficationsUITests;
				PRODUCT_NAME = "$(TARGET_NAME)";
				SWIFT_VERSION = 5.0;
				TARGETED_DEVICE_FAMILY = "1,2";
				TEST_TARGET_NAME = Drawfications;
			};
			name = Debug;
		};
		48D67ACA254CCB0700872C18 /* Release */ = {
			isa = XCBuildConfiguration;
			buildSettings = {
				ALWAYS_EMBED_SWIFT_STANDARD_LIBRARIES = YES;
				CODE_SIGN_STYLE = Automatic;
				DEVELOPMENT_TEAM = SJ87WGCZM7;
				INFOPLIST_FILE = DrawficationsUITests/Info.plist;
				LD_RUNPATH_SEARCH_PATHS = "$(inherited) @executable_path/Frameworks @loader_path/Frameworks";
				PRODUCT_BUNDLE_IDENTIFIER = com.matthewbenedict.DrawficationsUITests;
				PRODUCT_NAME = "$(TARGET_NAME)";
				SWIFT_VERSION = 5.0;
				TARGETED_DEVICE_FAMILY = "1,2";
				TEST_TARGET_NAME = Drawfications;
			};
			name = Release;
		};
/* End XCBuildConfiguration section */

/* Begin XCConfigurationList section */
		48D67A90254CCB0500872C18 /* Build configuration list for PBXProject "Drawfications" */ = {
			isa = XCConfigurationList;
			buildConfigurations = (
				48D67AC0254CCB0700872C18 /* Debug */,
				48D67AC1254CCB0700872C18 /* Release */,
			);
			defaultConfigurationIsVisible = 0;
			defaultConfigurationName = Release;
		};
		48D67AC2254CCB0700872C18 /* Build configuration list for PBXNativeTarget "Drawfications" */ = {
			isa = XCConfigurationList;
			buildConfigurations = (
				48D67AC3254CCB0700872C18 /* Debug */,
				48D67AC4254CCB0700872C18 /* Release */,
			);
			defaultConfigurationIsVisible = 0;
			defaultConfigurationName = Release;
		};
		48D67AC5254CCB0700872C18 /* Build configuration list for PBXNativeTarget "DrawficationsTests" */ = {
			isa = XCConfigurationList;
			buildConfigurations = (
				48D67AC6254CCB0700872C18 /* Debug */,
				48D67AC7254CCB0700872C18 /* Release */,
			);
			defaultConfigurationIsVisible = 0;
			defaultConfigurationName = Release;
		};
		48D67AC8254CCB0700872C18 /* Build configuration list for PBXNativeTarget "DrawficationsUITests" */ = {
			isa = XCConfigurationList;
			buildConfigurations = (
				48D67AC9254CCB0700872C18 /* Debug */,
				48D67ACA254CCB0700872C18 /* Release */,
			);
			defaultConfigurationIsVisible = 0;
			defaultConfigurationName = Release;
		};
/* End XCConfigurationList section */

/* Begin XCVersionGroup section */
		48D67AA1254CCB0600872C18 /* Drawfications.xcdatamodeld */ = {
			isa = XCVersionGroup;
			children = (
				48D67AA2254CCB0600872C18 /* Drawfications.xcdatamodel */,
			);
			currentVersion = 48D67AA2254CCB0600872C18 /* Drawfications.xcdatamodel */;
			path = Drawfications.xcdatamodeld;
			sourceTree = "<group>";
			versionGroupType = wrapper.xcdatamodel;
		};
/* End XCVersionGroup section */
	};
	rootObject = 48D67A8D254CCB0500872C18 /* Project object */;
}
